
Microsoft Visual Studio Solution File, Format Version 12.00
# Visual Studio Version 16
VisualStudioVersion = 16.0.32002.261
MinimumVisualStudioVersion = 10.0.40219.1
Project("{9A19103F-16F7-4668-BE54-9A1E7A4F7556}") = "QuizGame", "QuizGame.csproj", "{B75B3D76-8402-44AA-8049-704478543F2C}"
EndProject
Global
	GlobalSection(SolutionConfigurationPlatforms) = preSolution
		Debug|Any CPU = Debug|Any CPU
		Release|Any CPU = Release|Any CPU
	EndGlobalSection
	GlobalSection(ProjectConfigurationPlatforms) = postSolution
		{B75B3D76-8402-44AA-8049-704478543F2C}.Debug|Any CPU.ActiveCfg = Debug|Any CPU
		{B75B3D76-8402-44AA-8049-704478543F2C}.Debug|Any CPU.Build.0 = Debug|Any CPU
		{B75B3D76-8402-44AA-8049-704478543F2C}.Release|Any CPU.ActiveCfg = Release|Any CPU
		{B75B3D76-8402-44AA-8049-704478543F2C}.Release|Any CPU.Build.0 = Release|Any CPU
	EndGlobalSection
	GlobalSection(SolutionProperties) = preSolution
		HideSolutionNode = FALSE
	EndGlobalSection
	GlobalSection(ExtensibilityGlobals) = postSolution
		SolutionGuid = {6E41942B-9FD0-4E16-B472-CDDFD5647DB7}
	EndGlobalSection
EndGlobal
